
Microsoft Visual Studio Solution File, Format Version 12.00
# Visual Studio 2015
Project("{FAE04EC0-301F-11D3-BF4B-00C04F79EFBC}") = "Game_careerOfMine", "Game_careerOfMine.csproj", "{24DE9B59-34B3-68D5-3818-99246B5A8A13}"
EndProject
Global
	GlobalSection(SolutionConfigurationPlatforms) = preSolution
		Debug|Any CPU = Debug|Any CPU
		Release|Any CPU = Release|Any CPU
	EndGlobalSection
	GlobalSection(ProjectConfigurationPlatforms) = postSolution
		{24DE9B59-34B3-68D5-3818-99246B5A8A13}.Debug|Any CPU.ActiveCfg = Debug|Any CPU
		{24DE9B59-34B3-68D5-3818-99246B5A8A13}.Debug|Any CPU.Build.0 = Debug|Any CPU
		{24DE9B59-34B3-68D5-3818-99246B5A8A13}.Release|Any CPU.ActiveCfg = Release|Any CPU
		{24DE9B59-34B3-68D5-3818-99246B5A8A13}.Release|Any CPU.Build.0 = Release|Any CPU
	EndGlobalSection
	GlobalSection(SolutionProperties) = preSolution
		HideSolutionNode = FALSE
	EndGlobalSection
EndGlobal
